
Microsoft Visual Studio Solution File, Format Version 12.00
# Visual Studio Version 16
VisualStudioVersion = 16.0.29709.97
MinimumVisualStudioVersion = 10.0.40219.1
Project("{FAE04EC0-301F-11D3-BF4B-00C04F79EFBC}") = "InClassOOPs", "InClassOOPs\InClassOOPs.csproj", "{B825A149-0C1E-4C15-A87C-8D3516A2FD84}"
EndProject
Global
	GlobalSection(SolutionConfigurationPlatforms) = preSolution
		Debug|Any CPU = Debug|Any CPU
		Release|Any CPU = Release|Any CPU
	EndGlobalSection
	GlobalSection(ProjectConfigurationPlatforms) = postSolution
		{B825A149-0C1E-4C15-A87C-8D3516A2FD84}.Debug|Any CPU.ActiveCfg = Debug|Any CPU
		{B825A149-0C1E-4C15-A87C-8D3516A2FD84}.Debug|Any CPU.Build.0 = Debug|Any CPU
		{B825A149-0C1E-4C15-A87C-8D3516A2FD84}.Release|Any CPU.ActiveCfg = Release|Any CPU
		{B825A149-0C1E-4C15-A87C-8D3516A2FD84}.Release|Any CPU.Build.0 = Release|Any CPU
	EndGlobalSection
	GlobalSection(SolutionProperties) = preSolution
		HideSolutionNode = FALSE
	EndGlobalSection
	GlobalSection(ExtensibilityGlobals) = postSolution
		SolutionGuid = {1EBFD365-A144-4817-A1C1-8F789A8C9857}
	EndGlobalSection
EndGlobal
